
Microsoft Visual Studio Solution File, Format Version 12.00
# Visual Studio Version 16
VisualStudioVersion = 16.0.31624.102
MinimumVisualStudioVersion = 10.0.40219.1
Project("{2150E333-8FDC-42A3-9474-1A3956D46DE8}") = ".items", ".items", "{3F91A672-0ADE-4AB3-B36F-A1AFD7985C28}"
	ProjectSection(SolutionItems) = preProject
		.gitignore = .gitignore
		README.md = README.md
		.asserts\specification.puml = .asserts\specification.puml
		version-bump.ps1 = version-bump.ps1
	EndProjectSection
EndProject
Project("{9A19103F-16F7-4668-BE54-9A1E7A4F7556}") = "Optsol.Components.Specification", "src\Optsol.Components.Specification\Optsol.Components.Specification.csproj", "{D007142C-1D4E-4BE3-8AB9-590C31EB1F0D}"
EndProject
Project("{9A19103F-16F7-4668-BE54-9A1E7A4F7556}") = "Optsol.Components.Specification.Test", "test\Optsol.Components.Specification.Test\Optsol.Components.Specification.Test.csproj", "{AABF54A8-D990-40E1-955D-BE781DBB458E}"
EndProject
Global
	GlobalSection(SolutionConfigurationPlatforms) = preSolution
		Debug|Any CPU = Debug|Any CPU
		Release|Any CPU = Release|Any CPU
	EndGlobalSection
	GlobalSection(ProjectConfigurationPlatforms) = postSolution
		{D007142C-1D4E-4BE3-8AB9-590C31EB1F0D}.Debug|Any CPU.ActiveCfg = Debug|Any CPU
		{D007142C-1D4E-4BE3-8AB9-590C31EB1F0D}.Debug|Any CPU.Build.0 = Debug|Any CPU
		{D007142C-1D4E-4BE3-8AB9-590C31EB1F0D}.Release|Any CPU.ActiveCfg = Release|Any CPU
		{D007142C-1D4E-4BE3-8AB9-590C31EB1F0D}.Release|Any CPU.Build.0 = Release|Any CPU
		{AABF54A8-D990-40E1-955D-BE781DBB458E}.Debug|Any CPU.ActiveCfg = Debug|Any CPU
		{AABF54A8-D990-40E1-955D-BE781DBB458E}.Debug|Any CPU.Build.0 = Debug|Any CPU
		{AABF54A8-D990-40E1-955D-BE781DBB458E}.Release|Any CPU.ActiveCfg = Release|Any CPU
		{AABF54A8-D990-40E1-955D-BE781DBB458E}.Release|Any CPU.Build.0 = Release|Any CPU
	EndGlobalSection
	GlobalSection(SolutionProperties) = preSolution
		HideSolutionNode = FALSE
	EndGlobalSection
	GlobalSection(ExtensibilityGlobals) = postSolution
		SolutionGuid = {58CEBFC0-E7D2-42D7-BD33-15A38ECBB322}
	EndGlobalSection
EndGlobal
